// !$*UTF8*$!
{
	archiveVersion = 1;
	classes = {
	};
	objectVersion = 55;
	objects = {

/* Begin PBXBuildFile section */
		931F2433286952E000951DAC /* CheggListApp.swift in Sources */ = {isa = PBXBuildFile; fileRef = 931F2432286952E000951DAC /* CheggListApp.swift */; };
		931F2435286952E000951DAC /* ContentView.swift in Sources */ = {isa = PBXBuildFile; fileRef = 931F2434286952E000951DAC /* ContentView.swift */; };
		931F2437286952E100951DAC /* Assets.xcassets in Resources */ = {isa = PBXBuildFile; fileRef = 931F2436286952E100951DAC /* Assets.xcassets */; };
		931F243A286952E100951DAC /* Preview Assets.xcassets in Resources */ = {isa = PBXBuildFile; fileRef = 931F2439286952E100951DAC /* Preview Assets.xcassets */; };
		931F2444286A174A00951DAC /* LoginView.swift in Sources */ = {isa = PBXBuildFile; fileRef = 931F2443286A174A00951DAC /* LoginView.swift */; };
		931F2448286A18B400951DAC /* SignupView.swift in Sources */ = {isa = PBXBuildFile; fileRef = 931F2447286A18B400951DAC /* SignupView.swift */; };
		931F244A286A1A2700951DAC /* BackgroundGradientView.swift in Sources */ = {isa = PBXBuildFile; fileRef = 931F2449286A1A2700951DAC /* BackgroundGradientView.swift */; };
		931F244C286A1F6300951DAC /* LogoView.swift in Sources */ = {isa = PBXBuildFile; fileRef = 931F244B286A1F6300951DAC /* LogoView.swift */; };
		931F244E286A240600951DAC /* CustomTextField.swift in Sources */ = {isa = PBXBuildFile; fileRef = 931F244D286A240600951DAC /* CustomTextField.swift */; };
		931F2451286A2EC700951DAC /* EmailTextField.swift in Sources */ = {isa = PBXBuildFile; fileRef = 931F2450286A2EC700951DAC /* EmailTextField.swift */; };
		931F2453286A355300951DAC /* CustomSecureField.swift in Sources */ = {isa = PBXBuildFile; fileRef = 931F2452286A355300951DAC /* CustomSecureField.swift */; };
		931F2455286A36DD00951DAC /* PasswordSecureField.swift in Sources */ = {isa = PBXBuildFile; fileRef = 931F2454286A36DD00951DAC /* PasswordSecureField.swift */; };
		931F2459286A3D2600951DAC /* AuthenticateButtonView.swift in Sources */ = {isa = PBXBuildFile; fileRef = 931F2458286A3D2600951DAC /* AuthenticateButtonView.swift */; };
		931F245B286A4EAA00951DAC /* UserTextField.swift in Sources */ = {isa = PBXBuildFile; fileRef = 931F245A286A4EAA00951DAC /* UserTextField.swift */; };
		931F245D286A634300951DAC /* GoogleService-Info.plist in Resources */ = {isa = PBXBuildFile; fileRef = 931F245C286A634300951DAC /* GoogleService-Info.plist */; };
		931F2460286AA02E00951DAC /* FirebaseAnalytics in Frameworks */ = {isa = PBXBuildFile; productRef = 931F245F286AA02E00951DAC /* FirebaseAnalytics */; };
		931F2462286AA02E00951DAC /* FirebaseAnalyticsSwift in Frameworks */ = {isa = PBXBuildFile; productRef = 931F2461286AA02E00951DAC /* FirebaseAnalyticsSwift */; };
		931F2464286AA02E00951DAC /* FirebaseAuth in Frameworks */ = {isa = PBXBuildFile; productRef = 931F2463286AA02E00951DAC /* FirebaseAuth */; };
		931F2466286AA02E00951DAC /* FirebaseCrashlytics in Frameworks */ = {isa = PBXBuildFile; productRef = 931F2465286AA02E00951DAC /* FirebaseCrashlytics */; };
		931F2468286AA02E00951DAC /* FirebaseDatabase in Frameworks */ = {isa = PBXBuildFile; productRef = 931F2467286AA02E00951DAC /* FirebaseDatabase */; };
		931F246A286AA02E00951DAC /* FirebaseFirestore in Frameworks */ = {isa = PBXBuildFile; productRef = 931F2469286AA02E00951DAC /* FirebaseFirestore */; };
		931F246C286AA02E00951DAC /* FirebaseFunctions in Frameworks */ = {isa = PBXBuildFile; productRef = 931F246B286AA02E00951DAC /* FirebaseFunctions */; };
		931F246E286AA02E00951DAC /* FirebaseStorage in Frameworks */ = {isa = PBXBuildFile; productRef = 931F246D286AA02E00951DAC /* FirebaseStorage */; };
		931F2471286AA9E100951DAC /* Constants.swift in Sources */ = {isa = PBXBuildFile; fileRef = 931F2470286AA9E100951DAC /* Constants.swift */; };
		931F2473286AAB3000951DAC /* AppUser.swift in Sources */ = {isa = PBXBuildFile; fileRef = 931F2472286AAB3000951DAC /* AppUser.swift */; };
		931F2475286AACEF00951DAC /* TODO.swift in Sources */ = {isa = PBXBuildFile; fileRef = 931F2474286AACEF00951DAC /* TODO.swift */; };
		931F2477286AAE0C00951DAC /* SelectedButton.swift in Sources */ = {isa = PBXBuildFile; fileRef = 931F2476286AAE0C00951DAC /* SelectedButton.swift */; };
		931F247A286AB0F100951DAC /* FirebaseFirestoreSwift in Frameworks */ = {isa = PBXBuildFile; productRef = 931F2479286AB0F100951DAC /* FirebaseFirestoreSwift */; };
		931F247E286AB52C00951DAC /* MockData.swift in Sources */ = {isa = PBXBuildFile; fileRef = 931F247D286AB52C00951DAC /* MockData.swift */; };
		931F2480286B32E500951DAC /* AuthViewModel.swift in Sources */ = {isa = PBXBuildFile; fileRef = 931F247F286B32E500951DAC /* AuthViewModel.swift */; };
		931F2482286B3E0B00951DAC /* DashboardView.swift in Sources */ = {isa = PBXBuildFile; fileRef = 931F2481286B3E0B00951DAC /* DashboardView.swift */; };
		931F2484286B53EA00951DAC /* TODOViewModel.swift in Sources */ = {isa = PBXBuildFile; fileRef = 931F2483286B53EA00951DAC /* TODOViewModel.swift */; };
		931F2486286B680D00951DAC /* SearchBarView.swift in Sources */ = {isa = PBXBuildFile; fileRef = 931F2485286B680D00951DAC /* SearchBarView.swift */; };
		931F2488286B9DA500951DAC /* TODOButtonStack.swift in Sources */ = {isa = PBXBuildFile; fileRef = 931F2487286B9DA500951DAC /* TODOButtonStack.swift */; };
		931F248A286BA19E00951DAC /* AddTODOLogo.swift in Sources */ = {isa = PBXBuildFile; fileRef = 931F2489286BA19E00951DAC /* AddTODOLogo.swift */; };
/* End PBXBuildFile section */

/* Begin PBXFileReference section */
		931F242F286952E000951DAC /* CheggList.app */ = {isa = PBXFileReference; explicitFileType = wrapper.application; includeInIndex = 0; path = CheggList.app; sourceTree = BUILT_PRODUCTS_DIR; };
		931F2432286952E000951DAC /* CheggListApp.swift */ = {isa = PBXFileReference; lastKnownFileType = sourcecode.swift; path = CheggListApp.swift; sourceTree = "<group>"; };
		931F2434286952E000951DAC /* ContentView.swift */ = {isa = PBXFileReference; lastKnownFileType = sourcecode.swift; path = ContentView.swift; sourceTree = "<group>"; };
		931F2436286952E100951DAC /* Assets.xcassets */ = {isa = PBXFileReference; lastKnownFileType = folder.assetcatalog; path = Assets.xcassets; sourceTree = "<group>"; };
		931F2439286952E100951DAC /* Preview Assets.xcassets */ = {isa = PBXFileReference; lastKnownFileType = folder.assetcatalog; path = "Preview Assets.xcassets"; sourceTree = "<group>"; };
		931F2443286A174A00951DAC /* LoginView.swift */ = {isa = PBXFileReference; lastKnownFileType = sourcecode.swift; path = LoginView.swift; sourceTree = "<group>"; };
		931F2447286A18B400951DAC /* SignupView.swift */ = {isa = PBXFileReference; lastKnownFileType = sourcecode.swift; path = SignupView.swift; sourceTree = "<group>"; };
		931F2449286A1A2700951DAC /* BackgroundGradientView.swift */ = {isa = PBXFileReference; lastKnownFileType = sourcecode.swift; path = BackgroundGradientView.swift; sourceTree = "<group>"; };
		931F244B286A1F6300951DAC /* LogoView.swift */ = {isa = PBXFileReference; lastKnownFileType = sourcecode.swift; path = LogoView.swift; sourceTree = "<group>"; };
		931F244D286A240600951DAC /* CustomTextField.swift */ = {isa = PBXFileReference; lastKnownFileType = sourcecode.swift; path = CustomTextField.swift; sourceTree = "<group>"; };
		931F2450286A2EC700951DAC /* EmailTextField.swift */ = {isa = PBXFileReference; lastKnownFileType = sourcecode.swift; path = EmailTextField.swift; sourceTree = "<group>"; };
		931F2452286A355300951DAC /* CustomSecureField.swift */ = {isa = PBXFileReference; lastKnownFileType = sourcecode.swift; path = CustomSecureField.swift; sourceTree = "<group>"; };
		931F2454286A36DD00951DAC /* PasswordSecureField.swift */ = {isa = PBXFileReference; lastKnownFileType = sourcecode.swift; path = PasswordSecureField.swift; sourceTree = "<group>"; };
		931F2458286A3D2600951DAC /* AuthenticateButtonView.swift */ = {isa = PBXFileReference; lastKnownFileType = sourcecode.swift; path = AuthenticateButtonView.swift; sourceTree = "<group>"; };
		931F245A286A4EAA00951DAC /* UserTextField.swift */ = {isa = PBXFileReference; lastKnownFileType = sourcecode.swift; path = UserTextField.swift; sourceTree = "<group>"; };
		931F245C286A634300951DAC /* GoogleService-Info.plist */ = {isa = PBXFileReference; fileEncoding = 4; lastKnownFileType = text.plist.xml; path = "GoogleService-Info.plist"; sourceTree = "<group>"; };
		931F2470286AA9E100951DAC /* Constants.swift */ = {isa = PBXFileReference; lastKnownFileType = sourcecode.swift; path = Constants.swift; sourceTree = "<group>"; };
		931F2472286AAB3000951DAC /* AppUser.swift */ = {isa = PBXFileReference; lastKnownFileType = sourcecode.swift; path = AppUser.swift; sourceTree = "<group>"; };
		931F2474286AACEF00951DAC /* TODO.swift */ = {isa = PBXFileReference; lastKnownFileType = sourcecode.swift; path = TODO.swift; sourceTree = "<group>"; };
		931F2476286AAE0C00951DAC /* SelectedButton.swift */ = {isa = PBXFileReference; lastKnownFileType = sourcecode.swift; path = SelectedButton.swift; sourceTree = "<group>"; };
		931F247D286AB52C00951DAC /* MockData.swift */ = {isa = PBXFileReference; lastKnownFileType = sourcecode.swift; path = MockData.swift; sourceTree = "<group>"; };
		931F247F286B32E500951DAC /* AuthViewModel.swift */ = {isa = PBXFileReference; lastKnownFileType = sourcecode.swift; path = AuthViewModel.swift; sourceTree = "<group>"; };
		931F2481286B3E0B00951DAC /* DashboardView.swift */ = {isa = PBXFileReference; lastKnownFileType = sourcecode.swift; path = DashboardView.swift; sourceTree = "<group>"; };
		931F2483286B53EA00951DAC /* TODOViewModel.swift */ = {isa = PBXFileReference; lastKnownFileType = sourcecode.swift; path = TODOViewModel.swift; sourceTree = "<group>"; };
		931F2485286B680D00951DAC /* SearchBarView.swift */ = {isa = PBXFileReference; lastKnownFileType = sourcecode.swift; path = SearchBarView.swift; sourceTree = "<group>"; };
		931F2487286B9DA500951DAC /* TODOButtonStack.swift */ = {isa = PBXFileReference; lastKnownFileType = sourcecode.swift; path = TODOButtonStack.swift; sourceTree = "<group>"; };
		931F2489286BA19E00951DAC /* AddTODOLogo.swift */ = {isa = PBXFileReference; lastKnownFileType = sourcecode.swift; path = AddTODOLogo.swift; sourceTree = "<group>"; };
/* End PBXFileReference section */

/* Begin PBXFrameworksBuildPhase section */
		931F242C286952E000951DAC /* Frameworks */ = {
			isa = PBXFrameworksBuildPhase;
			buildActionMask = 2147483647;
			files = (
				931F2468286AA02E00951DAC /* FirebaseDatabase in Frameworks */,
				931F246C286AA02E00951DAC /* FirebaseFunctions in Frameworks */,
				931F2462286AA02E00951DAC /* FirebaseAnalyticsSwift in Frameworks */,
				931F2466286AA02E00951DAC /* FirebaseCrashlytics in Frameworks */,
				931F2464286AA02E00951DAC /* FirebaseAuth in Frameworks */,
				931F246E286AA02E00951DAC /* FirebaseStorage in Frameworks */,
				931F2460286AA02E00951DAC /* FirebaseAnalytics in Frameworks */,
				931F246A286AA02E00951DAC /* FirebaseFirestore in Frameworks */,
				931F247A286AB0F100951DAC /* FirebaseFirestoreSwift in Frameworks */,
			);
			runOnlyForDeploymentPostprocessing = 0;
		};
/* End PBXFrameworksBuildPhase section */

/* Begin PBXGroup section */
		931F2426286952E000951DAC = {
			isa = PBXGroup;
			children = (
				931F245C286A634300951DAC /* GoogleService-Info.plist */,
				931F2431286952E000951DAC /* CheggList */,
				931F2430286952E000951DAC /* Products */,
				931F2478286AB0F100951DAC /* Frameworks */,
			);
			sourceTree = "<group>";
		};
		931F2430286952E000951DAC /* Products */ = {
			isa = PBXGroup;
			children = (
				931F242F286952E000951DAC /* CheggList.app */,
			);
			name = Products;
			sourceTree = "<group>";
		};
		931F2431286952E000951DAC /* CheggList */ = {
			isa = PBXGroup;
			children = (
				931F246F286AA97000951DAC /* Utils */,
				931F2442286A08F700951DAC /* Model */,
				931F2440286A08E400951DAC /* View */,
				931F2441286A08F000951DAC /* ViewModel */,
				931F2432286952E000951DAC /* CheggListApp.swift */,
				931F2434286952E000951DAC /* ContentView.swift */,
				931F2436286952E100951DAC /* Assets.xcassets */,
				931F2438286952E100951DAC /* Preview Content */,
			);
			path = CheggList;
			sourceTree = "<group>";
		};
		931F2438286952E100951DAC /* Preview Content */ = {
			isa = PBXGroup;
			children = (
				931F2439286952E100951DAC /* Preview Assets.xcassets */,
			);
			path = "Preview Content";
			sourceTree = "<group>";
		};
		931F2440286A08E400951DAC /* View */ = {
			isa = PBXGroup;
			children = (
				931F2445286A17CE00951DAC /* Utils */,
				931F2446286A181400951DAC /* Authentication */,
				931F2481286B3E0B00951DAC /* DashboardView.swift */,
			);
			path = View;
			sourceTree = "<group>";
		};
		931F2441286A08F000951DAC /* ViewModel */ = {
			isa = PBXGroup;
			children = (
				931F247F286B32E500951DAC /* AuthViewModel.swift */,
				931F2483286B53EA00951DAC /* TODOViewModel.swift */,
			);
			path = ViewModel;
			sourceTree = "<group>";
		};
		931F2442286A08F700951DAC /* Model */ = {
			isa = PBXGroup;
			children = (
				931F2472286AAB3000951DAC /* AppUser.swift */,
				931F2474286AACEF00951DAC /* TODO.swift */,
				931F2476286AAE0C00951DAC /* SelectedButton.swift */,
				931F247D286AB52C00951DAC /* MockData.swift */,
			);
			path = Model;
			sourceTree = "<group>";
		};
		931F2445286A17CE00951DAC /* Utils */ = {
			isa = PBXGroup;
			children = (
				931F244F286A2E9B00951DAC /* TextField */,
				931F2449286A1A2700951DAC /* BackgroundGradientView.swift */,
				931F244B286A1F6300951DAC /* LogoView.swift */,
				931F2458286A3D2600951DAC /* AuthenticateButtonView.swift */,
				931F2485286B680D00951DAC /* SearchBarView.swift */,
				931F2487286B9DA500951DAC /* TODOButtonStack.swift */,
				931F2489286BA19E00951DAC /* AddTODOLogo.swift */,
			);
			path = Utils;
			sourceTree = "<group>";
		};
		931F2446286A181400951DAC /* Authentication */ = {
			isa = PBXGroup;
			children = (
				931F2443286A174A00951DAC /* LoginView.swift */,
				931F2447286A18B400951DAC /* SignupView.swift */,
			);
			path = Authentication;
			sourceTree = "<group>";
		};
		931F244F286A2E9B00951DAC /* TextField */ = {
			isa = PBXGroup;
			children = (
				931F244D286A240600951DAC /* CustomTextField.swift */,
				931F2450286A2EC700951DAC /* EmailTextField.swift */,
				931F2452286A355300951DAC /* CustomSecureField.swift */,
				931F2454286A36DD00951DAC /* PasswordSecureField.swift */,
				931F245A286A4EAA00951DAC /* UserTextField.swift */,
			);
			path = TextField;
			sourceTree = "<group>";
		};
		931F246F286AA97000951DAC /* Utils */ = {
			isa = PBXGroup;
			children = (
				931F2470286AA9E100951DAC /* Constants.swift */,
			);
			path = Utils;
			sourceTree = "<group>";
		};
		931F2478286AB0F100951DAC /* Frameworks */ = {
			isa = PBXGroup;
			children = (
			);
			name = Frameworks;
			sourceTree = "<group>";
		};
/* End PBXGroup section */

/* Begin PBXNativeTarget section */
		931F242E286952E000951DAC /* CheggList */ = {
			isa = PBXNativeTarget;
			buildConfigurationList = 931F243D286952E100951DAC /* Build configuration list for PBXNativeTarget "CheggList" */;
			buildPhases = (
				931F242B286952E000951DAC /* Sources */,
				931F242C286952E000951DAC /* Frameworks */,
				931F242D286952E000951DAC /* Resources */,
			);
			buildRules = (
			);
			dependencies = (
			);
			name = CheggList;
			packageProductDependencies = (
				931F245F286AA02E00951DAC /* FirebaseAnalytics */,
				931F2461286AA02E00951DAC /* FirebaseAnalyticsSwift */,
				931F2463286AA02E00951DAC /* FirebaseAuth */,
				931F2465286AA02E00951DAC /* FirebaseCrashlytics */,
				931F2467286AA02E00951DAC /* FirebaseDatabase */,
				931F2469286AA02E00951DAC /* FirebaseFirestore */,
				931F246B286AA02E00951DAC /* FirebaseFunctions */,
				931F246D286AA02E00951DAC /* FirebaseStorage */,
				931F2479286AB0F100951DAC /* FirebaseFirestoreSwift */,
			);
			productName = CheggList;
			productReference = 931F242F286952E000951DAC /* CheggList.app */;
			productType = "com.apple.product-type.application";
		};
/* End PBXNativeTarget section */

/* Begin PBXProject section */
		931F2427286952E000951DAC /* Project object */ = {
			isa = PBXProject;
			attributes = {
				BuildIndependentTargetsInParallel = 1;
				LastSwiftUpdateCheck = 1340;
				LastUpgradeCheck = 1340;
				TargetAttributes = {
					931F242E286952E000951DAC = {
						CreatedOnToolsVersion = 13.4.1;
					};
				};
			};
			buildConfigurationList = 931F242A286952E000951DAC /* Build configuration list for PBXProject "CheggList" */;
			compatibilityVersion = "Xcode 13.0";
			developmentRegion = en;
			hasScannedForEncodings = 0;
			knownRegions = (
				en,
				Base,
			);
			mainGroup = 931F2426286952E000951DAC;
			packageReferences = (
				931F245E286AA02E00951DAC /* XCRemoteSwiftPackageReference "firebase-ios-sdk" */,
			);
			productRefGroup = 931F2430286952E000951DAC /* Products */;
			projectDirPath = "";
			projectRoot = "";
			targets = (
				931F242E286952E000951DAC /* CheggList */,
			);
		};
/* End PBXProject section */

/* Begin PBXResourcesBuildPhase section */
		931F242D286952E000951DAC /* Resources */ = {
			isa = PBXResourcesBuildPhase;
			buildActionMask = 2147483647;
			files = (
				931F243A286952E100951DAC /* Preview Assets.xcassets in Resources */,
				931F2437286952E100951DAC /* Assets.xcassets in Resources */,
				931F245D286A634300951DAC /* GoogleService-Info.plist in Resources */,
			);
			runOnlyForDeploymentPostprocessing = 0;
		};
/* End PBXResourcesBuildPhase section */

/* Begin PBXSourcesBuildPhase section */
		931F242B286952E000951DAC /* Sources */ = {
			isa = PBXSourcesBuildPhase;
			buildActionMask = 2147483647;
			files = (
				931F2473286AAB3000951DAC /* AppUser.swift in Sources */,
				931F2451286A2EC700951DAC /* EmailTextField.swift in Sources */,
				931F244E286A240600951DAC /* CustomTextField.swift in Sources */,
				931F247E286AB52C00951DAC /* MockData.swift in Sources */,
				931F245B286A4EAA00951DAC /* UserTextField.swift in Sources */,
				931F2477286AAE0C00951DAC /* SelectedButton.swift in Sources */,
				931F2448286A18B400951DAC /* SignupView.swift in Sources */,
				931F2475286AACEF00951DAC /* TODO.swift in Sources */,
				931F2482286B3E0B00951DAC /* DashboardView.swift in Sources */,
				931F2480286B32E500951DAC /* AuthViewModel.swift in Sources */,
				931F2488286B9DA500951DAC /* TODOButtonStack.swift in Sources */,
				931F2486286B680D00951DAC /* SearchBarView.swift in Sources */,
				931F244C286A1F6300951DAC /* LogoView.swift in Sources */,
				931F2455286A36DD00951DAC /* PasswordSecureField.swift in Sources */,
				931F2444286A174A00951DAC /* LoginView.swift in Sources */,
				931F2471286AA9E100951DAC /* Constants.swift in Sources */,
				931F2459286A3D2600951DAC /* AuthenticateButtonView.swift in Sources */,
				931F2435286952E000951DAC /* ContentView.swift in Sources */,
				931F2484286B53EA00951DAC /* TODOViewModel.swift in Sources */,
				931F244A286A1A2700951DAC /* BackgroundGradientView.swift in Sources */,
				931F2453286A355300951DAC /* CustomSecureField.swift in Sources */,
				931F2433286952E000951DAC /* CheggListApp.swift in Sources */,
				931F248A286BA19E00951DAC /* AddTODOLogo.swift in Sources */,
			);
			runOnlyForDeploymentPostprocessing = 0;
		};
/* End PBXSourcesBuildPhase section */

/* Begin XCBuildConfiguration section */
		931F243B286952E100951DAC /* Debug */ = {
			isa = XCBuildConfiguration;
			buildSettings = {
				ALWAYS_SEARCH_USER_PATHS = NO;
				CLANG_ANALYZER_NONNULL = YES;
				CLANG_ANALYZER_NUMBER_OBJECT_CONVERSION = YES_AGGRESSIVE;
				CLANG_CXX_LANGUAGE_STANDARD = "gnu++17";
				CLANG_ENABLE_MODULES = YES;
				CLANG_ENABLE_OBJC_ARC = YES;
				CLANG_ENABLE_OBJC_WEAK = YES;
				CLANG_WARN_BLOCK_CAPTURE_AUTORELEASING = YES;
				CLANG_WARN_BOOL_CONVERSION = YES;
				CLANG_WARN_COMMA = YES;
				CLANG_WARN_CONSTANT_CONVERSION = YES;
				CLANG_WARN_DEPRECATED_OBJC_IMPLEMENTATIONS = YES;
				CLANG_WARN_DIRECT_OBJC_ISA_USAGE = YES_ERROR;
				CLANG_WARN_DOCUMENTATION_COMMENTS = YES;
				CLANG_WARN_EMPTY_BODY = YES;
				CLANG_WARN_ENUM_CONVERSION = YES;
				CLANG_WARN_INFINITE_RECURSION = YES;
				CLANG_WARN_INT_CONVERSION = YES;
				CLANG_WARN_NON_LITERAL_NULL_CONVERSION = YES;
				CLANG_WARN_OBJC_IMPLICIT_RETAIN_SELF = YES;
				CLANG_WARN_OBJC_LITERAL_CONVERSION = YES;
				CLANG_WARN_OBJC_ROOT_CLASS = YES_ERROR;
				CLANG_WARN_QUOTED_INCLUDE_IN_FRAMEWORK_HEADER = YES;
				CLANG_WARN_RANGE_LOOP_ANALYSIS = YES;
				CLANG_WARN_STRICT_PROTOTYPES = YES;
				CLANG_WARN_SUSPICIOUS_MOVE = YES;
				CLANG_WARN_UNGUARDED_AVAILABILITY = YES_AGGRESSIVE;
				CLANG_WARN_UNREACHABLE_CODE = YES;
				CLANG_WARN__DUPLICATE_METHOD_MATCH = YES;
				COPY_PHASE_STRIP = NO;
				DEBUG_INFORMATION_FORMAT = dwarf;
				ENABLE_STRICT_OBJC_MSGSEND = YES;
				ENABLE_TESTABILITY = YES;
				GCC_C_LANGUAGE_STANDARD = gnu11;
				GCC_DYNAMIC_NO_PIC = NO;
				GCC_NO_COMMON_BLOCKS = YES;
				GCC_OPTIMIZATION_LEVEL = 0;
				GCC_PREPROCESSOR_DEFINITIONS = (
					"DEBUG=1",
					"$(inherited)",
				);
				GCC_WARN_64_TO_32_BIT_CONVERSION = YES;
				GCC_WARN_ABOUT_RETURN_TYPE = YES_ERROR;
				GCC_WARN_UNDECLARED_SELECTOR = YES;
				GCC_WARN_UNINITIALIZED_AUTOS = YES_AGGRESSIVE;
				GCC_WARN_UNUSED_FUNCTION = YES;
				GCC_WARN_UNUSED_VARIABLE = YES;
				IPHONEOS_DEPLOYMENT_TARGET = 15.5;
				MTL_ENABLE_DEBUG_INFO = INCLUDE_SOURCE;
				MTL_FAST_MATH = YES;
				ONLY_ACTIVE_ARCH = YES;
				SDKROOT = iphoneos;
				SWIFT_ACTIVE_COMPILATION_CONDITIONS = DEBUG;
				SWIFT_OPTIMIZATION_LEVEL = "-Onone";
			};
			name = Debug;
		};
		931F243C286952E100951DAC /* Release */ = {
			isa = XCBuildConfiguration;
			buildSettings = {
				ALWAYS_SEARCH_USER_PATHS = NO;
				CLANG_ANALYZER_NONNULL = YES;
				CLANG_ANALYZER_NUMBER_OBJECT_CONVERSION = YES_AGGRESSIVE;
				CLANG_CXX_LANGUAGE_STANDARD = "gnu++17";
				CLANG_ENABLE_MODULES = YES;
				CLANG_ENABLE_OBJC_ARC = YES;
				CLANG_ENABLE_OBJC_WEAK = YES;
				CLANG_WARN_BLOCK_CAPTURE_AUTORELEASING = YES;
				CLANG_WARN_BOOL_CONVERSION = YES;
				CLANG_WARN_COMMA = YES;
				CLANG_WARN_CONSTANT_CONVERSION = YES;
				CLANG_WARN_DEPRECATED_OBJC_IMPLEMENTATIONS = YES;
				CLANG_WARN_DIRECT_OBJC_ISA_USAGE = YES_ERROR;
				CLANG_WARN_DOCUMENTATION_COMMENTS = YES;
				CLANG_WARN_EMPTY_BODY = YES;
				CLANG_WARN_ENUM_CONVERSION = YES;
				CLANG_WARN_INFINITE_RECURSION = YES;
				CLANG_WARN_INT_CONVERSION = YES;
				CLANG_WARN_NON_LITERAL_NULL_CONVERSION = YES;
				CLANG_WARN_OBJC_IMPLICIT_RETAIN_SELF = YES;
				CLANG_WARN_OBJC_LITERAL_CONVERSION = YES;
				CLANG_WARN_OBJC_ROOT_CLASS = YES_ERROR;
				CLANG_WARN_QUOTED_INCLUDE_IN_FRAMEWORK_HEADER = YES;
				CLANG_WARN_RANGE_LOOP_ANALYSIS = YES;
				CLANG_WARN_STRICT_PROTOTYPES = YES;
				CLANG_WARN_SUSPICIOUS_MOVE = YES;
				CLANG_WARN_UNGUARDED_AVAILABILITY = YES_AGGRESSIVE;
				CLANG_WARN_UNREACHABLE_CODE = YES;
				CLANG_WARN__DUPLICATE_METHOD_MATCH = YES;
				COPY_PHASE_STRIP = NO;
				DEBUG_INFORMATION_FORMAT = "dwarf-with-dsym";
				ENABLE_NS_ASSERTIONS = NO;
				ENABLE_STRICT_OBJC_MSGSEND = YES;
				GCC_C_LANGUAGE_STANDARD = gnu11;
				GCC_NO_COMMON_BLOCKS = YES;
				GCC_WARN_64_TO_32_BIT_CONVERSION = YES;
				GCC_WARN_ABOUT_RETURN_TYPE = YES_ERROR;
				GCC_WARN_UNDECLARED_SELECTOR = YES;
				GCC_WARN_UNINITIALIZED_AUTOS = YES_AGGRESSIVE;
				GCC_WARN_UNUSED_FUNCTION = YES;
				GCC_WARN_UNUSED_VARIABLE = YES;
				IPHONEOS_DEPLOYMENT_TARGET = 15.5;
				MTL_ENABLE_DEBUG_INFO = NO;
				MTL_FAST_MATH = YES;
				SDKROOT = iphoneos;
				SWIFT_COMPILATION_MODE = wholemodule;
				SWIFT_OPTIMIZATION_LEVEL = "-O";
				VALIDATE_PRODUCT = YES;
			};
			name = Release;
		};
		931F243E286952E100951DAC /* Debug */ = {
			isa = XCBuildConfiguration;
			buildSettings = {
				ASSETCATALOG_COMPILER_APPICON_NAME = AppIcon;
				ASSETCATALOG_COMPILER_GLOBAL_ACCENT_COLOR_NAME = AccentColor;
				CODE_SIGN_STYLE = Automatic;
				CURRENT_PROJECT_VERSION = 1;
				DEVELOPMENT_ASSET_PATHS = "\"CheggList/Preview Content\"";
				DEVELOPMENT_TEAM = M2YQ3F2LVA;
				ENABLE_PREVIEWS = YES;
				GENERATE_INFOPLIST_FILE = YES;
				INFOPLIST_KEY_UIApplicationSceneManifest_Generation = YES;
				INFOPLIST_KEY_UIApplicationSupportsIndirectInputEvents = YES;
				INFOPLIST_KEY_UILaunchScreen_Generation = YES;
				INFOPLIST_KEY_UISupportedInterfaceOrientations = UIInterfaceOrientationPortrait;
				INFOPLIST_KEY_UISupportedInterfaceOrientations_iPad = "UIInterfaceOrientationPortrait UIInterfaceOrientationPortraitUpsideDown UIInterfaceOrientationLandscapeLeft UIInterfaceOrientationLandscapeRight";
				INFOPLIST_KEY_UISupportedInterfaceOrientations_iPhone = "UIInterfaceOrientationPortrait UIInterfaceOrientationLandscapeLeft UIInterfaceOrientationLandscapeRight";
				IPHONEOS_DEPLOYMENT_TARGET = 15.5;
				LD_RUNPATH_SEARCH_PATHS = (
					"$(inherited)",
					"@executable_path/Frameworks",
				);
				MARKETING_VERSION = 1.0;
				PRODUCT_BUNDLE_IDENTIFIER = com.hasanyildiz.CheggList;
				PRODUCT_NAME = "$(TARGET_NAME)";
				SWIFT_EMIT_LOC_STRINGS = YES;
				SWIFT_VERSION = 5.0;
				TARGETED_DEVICE_FAMILY = 1;
			};
			name = Debug;
		};
		931F243F286952E100951DAC /* Release */ = {
			isa = XCBuildConfiguration;
			buildSettings = {
				ASSETCATALOG_COMPILER_APPICON_NAME = AppIcon;
				ASSETCATALOG_COMPILER_GLOBAL_ACCENT_COLOR_NAME = AccentColor;
				CODE_SIGN_STYLE = Automatic;
				CURRENT_PROJECT_VERSION = 1;
				DEVELOPMENT_ASSET_PATHS = "\"CheggList/Preview Content\"";
				DEVELOPMENT_TEAM = M2YQ3F2LVA;
				ENABLE_PREVIEWS = YES;
				GENERATE_INFOPLIST_FILE = YES;
				INFOPLIST_KEY_UIApplicationSceneManifest_Generation = YES;
				INFOPLIST_KEY_UIApplicationSupportsIndirectInputEvents = YES;
				INFOPLIST_KEY_UILaunchScreen_Generation = YES;
				INFOPLIST_KEY_UISupportedInterfaceOrientations = UIInterfaceOrientationPortrait;
				INFOPLIST_KEY_UISupportedInterfaceOrientations_iPad = "UIInterfaceOrientationPortrait UIInterfaceOrientationPortraitUpsideDown UIInterfaceOrientationLandscapeLeft UIInterfaceOrientationLandscapeRight";
				INFOPLIST_KEY_UISupportedInterfaceOrientations_iPhone = "UIInterfaceOrientationPortrait UIInterfaceOrientationLandscapeLeft UIInterfaceOrientationLandscapeRight";
				IPHONEOS_DEPLOYMENT_TARGET = 15.5;
				LD_RUNPATH_SEARCH_PATHS = (
					"$(inherited)",
					"@executable_path/Frameworks",
				);
				MARKETING_VERSION = 1.0;
				PRODUCT_BUNDLE_IDENTIFIER = com.hasanyildiz.CheggList;
				PRODUCT_NAME = "$(TARGET_NAME)";
				SWIFT_EMIT_LOC_STRINGS = YES;
				SWIFT_VERSION = 5.0;
				TARGETED_DEVICE_FAMILY = 1;
			};
			name = Release;
		};
/* End XCBuildConfiguration section */

/* Begin XCConfigurationList section */
		931F242A286952E000951DAC /* Build configuration list for PBXProject "CheggList" */ = {
			isa = XCConfigurationList;
			buildConfigurations = (
				931F243B286952E100951DAC /* Debug */,
				931F243C286952E100951DAC /* Release */,
			);
			defaultConfigurationIsVisible = 0;
			defaultConfigurationName = Release;
		};
		931F243D286952E100951DAC /* Build configuration list for PBXNativeTarget "CheggList" */ = {
			isa = XCConfigurationList;
			buildConfigurations = (
				931F243E286952E100951DAC /* Debug */,
				931F243F286952E100951DAC /* Release */,
			);
			defaultConfigurationIsVisible = 0;
			defaultConfigurationName = Release;
		};
/* End XCConfigurationList section */

/* Begin XCRemoteSwiftPackageReference section */
		931F245E286AA02E00951DAC /* XCRemoteSwiftPackageReference "firebase-ios-sdk" */ = {
			isa = XCRemoteSwiftPackageReference;
			repositoryURL = "https://github.com/firebase/firebase-ios-sdk";
			requirement = {
				kind = upToNextMajorVersion;
				minimumVersion = 9.0.0;
			};
		};
/* End XCRemoteSwiftPackageReference section */

/* Begin XCSwiftPackageProductDependency section */
		931F245F286AA02E00951DAC /* FirebaseAnalytics */ = {
			isa = XCSwiftPackageProductDependency;
			package = 931F245E286AA02E00951DAC /* XCRemoteSwiftPackageReference "firebase-ios-sdk" */;
			productName = FirebaseAnalytics;
		};
		931F2461286AA02E00951DAC /* FirebaseAnalyticsSwift */ = {
			isa = XCSwiftPackageProductDependency;
			package = 931F245E286AA02E00951DAC /* XCRemoteSwiftPackageReference "firebase-ios-sdk" */;
			productName = FirebaseAnalyticsSwift;
		};
		931F2463286AA02E00951DAC /* FirebaseAuth */ = {
			isa = XCSwiftPackageProductDependency;
			package = 931F245E286AA02E00951DAC /* XCRemoteSwiftPackageReference "firebase-ios-sdk" */;
			productName = FirebaseAuth;
		};
		931F2465286AA02E00951DAC /* FirebaseCrashlytics */ = {
			isa = XCSwiftPackageProductDependency;
			package = 931F245E286AA02E00951DAC /* XCRemoteSwiftPackageReference "firebase-ios-sdk" */;
			productName = FirebaseCrashlytics;
		};
		931F2467286AA02E00951DAC /* FirebaseDatabase */ = {
			isa = XCSwiftPackageProductDependency;
			package = 931F245E286AA02E00951DAC /* XCRemoteSwiftPackageReference "firebase-ios-sdk" */;
			productName = FirebaseDatabase;
		};
		931F2469286AA02E00951DAC /* FirebaseFirestore */ = {
			isa = XCSwiftPackageProductDependency;
			package = 931F245E286AA02E00951DAC /* XCRemoteSwiftPackageReference "firebase-ios-sdk" */;
			productName = FirebaseFirestore;
		};
		931F246B286AA02E00951DAC /* FirebaseFunctions */ = {
			isa = XCSwiftPackageProductDependency;
			package = 931F245E286AA02E00951DAC /* XCRemoteSwiftPackageReference "firebase-ios-sdk" */;
			productName = FirebaseFunctions;
		};
		931F246D286AA02E00951DAC /* FirebaseStorage */ = {
			isa = XCSwiftPackageProductDependency;
			package = 931F245E286AA02E00951DAC /* XCRemoteSwiftPackageReference "firebase-ios-sdk" */;
			productName = FirebaseStorage;
		};
		931F2479286AB0F100951DAC /* FirebaseFirestoreSwift */ = {
			isa = XCSwiftPackageProductDependency;
			package = 931F245E286AA02E00951DAC /* XCRemoteSwiftPackageReference "firebase-ios-sdk" */;
			productName = FirebaseFirestoreSwift;
		};
/* End XCSwiftPackageProductDependency section */
	};
	rootObject = 931F2427286952E000951DAC /* Project object */;
}
